
Microsoft Visual Studio Solution File, Format Version 12.00
# Visual Studio Version 17
VisualStudioVersion = 17.7.34003.232
MinimumVisualStudioVersion = 10.0.40219.1
Project("{FAE04EC0-301F-11D3-BF4B-00C04F79EFBC}") = "DDDModeler.Models", "DDDModeler.Models\DDDModeler.Models.csproj", "{C5225700-0199-464E-B492-D0D2E0F1A563}"
EndProject
Global
	GlobalSection(SolutionConfigurationPlatforms) = preSolution
		Debug|Any CPU = Debug|Any CPU
		Release|Any CPU = Release|Any CPU
	EndGlobalSection
	GlobalSection(ProjectConfigurationPlatforms) = postSolution
		{C5225700-0199-464E-B492-D0D2E0F1A563}.Debug|Any CPU.ActiveCfg = Debug|Any CPU
		{C5225700-0199-464E-B492-D0D2E0F1A563}.Debug|Any CPU.Build.0 = Debug|Any CPU
		{C5225700-0199-464E-B492-D0D2E0F1A563}.Release|Any CPU.ActiveCfg = Release|Any CPU
		{C5225700-0199-464E-B492-D0D2E0F1A563}.Release|Any CPU.Build.0 = Release|Any CPU
	EndGlobalSection
	GlobalSection(SolutionProperties) = preSolution
		HideSolutionNode = FALSE
	EndGlobalSection
	GlobalSection(ExtensibilityGlobals) = postSolution
		SolutionGuid = {AAD0D2D4-BF0D-43C9-932B-B40CD8E4EE72}
	EndGlobalSection
EndGlobal
